{
  "name": "jetbrains-issue-WEB-37890",
  "version": "1.0.0",
  "lockfileVersion": 1,
  "requires": true,
  "dependencies": {
    "vue": {
      "version": "2.6.10",
      "resolved": "https://registry.npmjs.org/vue/-/vue-2.6.10.tgz",
      "integrity": "sha512-ImThpeNU9HbdZL3utgMCq0oiMzAkt1mcgy3/E6zWC/G6AaQoeuFdsl9nDhTDU3X1R6FK7nsIUuRACVcjI+A2GQ=="
    },
    "vue-class-component": {
      "version": "7.0.2",
      "resolved": "https://registry.npmjs.org/vue-class-component/-/vue-class-component-7.0.2.tgz",
      "integrity": "sha512-8xw/wkZI2tgHcwvkSRC1ax7GeP1CG27wKhedvOAdjdASm05VU4RijGsCYti6s6CzBioBL5BQUmntQQTCsp1wnQ=="
    },
    "vue-property-decorator": {
      "version": "8.1.0",
      "resolved": "https://registry.npmjs.org/vue-property-decorator/-/vue-property-decorator-8.1.0.tgz",
      "integrity": "sha512-TUWpbadApSW/sx9hlbrUq092ULm4E3RkL5X4fFhkiJ88/Y99lVubjh3bd3VbFQ8JRlKaTeqMOKaFHQRzWBCFPg==",
      "requires": {
        "vue-class-component": "^7.0.1"
      }
    }
  }
}
